<?xml version="1.0" encoding="utf-8"?>
<Project ToolsVersion="4.0" xmlns="http://schemas.microsoft.com/developer/msbuild/2003">
  <ItemGroup>
    <Filter Include="Source Files">
      <UniqueIdentifier>{4FC737F1-C7A5-4376-A066-2A32D752A2FF}</UniqueIdentifier>
      <Extensions>cpp;c;cc;cxx;def;odl;idl;hpj;bat;asm;asmx</Extensions>
    </Filter>
    <Filter Include="Header Files">
      <UniqueIdentifier>{93995380-89BD-4b04-88EB-625FBE52EBFB}</UniqueIdentifier>
      <Extensions>h;hpp;hxx;hm;inl;inc;xsd</Extensions>
    </Filter>
    <Filter Include="Resource Files">
      <UniqueIdentifier>{67DA6AB6-F800-4c08-8B7A-83BB121AAD01}</UniqueIdentifier>
      <Extensions>rc;ico;cur;bmp;dlg;rc2;rct;bin;rgs;gif;jpg;jpeg;jpe;resx;tiff;tif;png;wav;mfcribbon-ms</Extensions>
    </Filter>
  </ItemGroup>
  <ItemGroup>
    <ClCompile Include="Main.cpp">
      <Filter>Source Files</Filter>
    </ClCompile>
    <ClCompile Include="CavesApp.cpp">
      <Filter>Source Files</Filter>
    </ClCompile>
    <ClCompile Include="CubeWalker.cpp">
      <Filter>Source Files</Filter>
    </ClCompile>
    <ClCompile Include="MarchingCubes.cpp">
      <Filter>Source Files</Filter>
    </ClCompile>
    <ClCompile Include="BooleanVoxel.cpp">
      <Filter>Source Files</Filter>
    </ClCompile>
    <ClCompile Include="UberCube.cpp">
      <Filter>Source Files</Filter>
    </ClCompile>
    <ClCompile Include="SquareDensityBrush.cpp">
      <Filter>Source Files</Filter>
    </ClCompile>
    <ClCompile Include="CubePolisher.cpp">
      <Filter>Source Files</Filter>
    </ClCompile>
    <ClCompile Include="UIDGenerator.cpp">
      <Filter>Source Files</Filter>
    </ClCompile>
    <ClCompile Include="CaveRegionGenerator.cpp">
      <Filter>Source Files</Filter>
    </ClCompile>
    <ClCompile Include="CaveRegion.cpp">
      <Filter>Source Files</Filter>
    </ClCompile>
    <ClCompile Include="StandardCubeSmoother.cpp">
      <Filter>Source Files</Filter>
    </ClCompile>
    <ClCompile Include="CaveGenerationManager.cpp">
      <Filter>Source Files</Filter>
    </ClCompile>
    <ClCompile Include="RandomNumberGenerator.cpp">
      <Filter>Source Files</Filter>
    </ClCompile>
    <ClCompile Include="CavePoligonizer.cpp">
      <Filter>Source Files</Filter>
    </ClCompile>
  </ItemGroup>
  <ItemGroup>
    <ClInclude Include="CavesApp.h">
      <Filter>Header Files</Filter>
    </ClInclude>
    <ClInclude Include="UberCube.h">
      <Filter>Header Files</Filter>
    </ClInclude>
    <ClInclude Include="CubeWalker.h">
      <Filter>Header Files</Filter>
    </ClInclude>
    <ClInclude Include="MarchingCubesTable.h">
      <Filter>Header Files</Filter>
    </ClInclude>
    <ClInclude Include="MarchingCubes.h">
      <Filter>Header Files</Filter>
    </ClInclude>
    <ClInclude Include="BooleanVoxel.h">
      <Filter>Header Files</Filter>
    </ClInclude>
    <ClInclude Include="DensityCubeBrush.h">
      <Filter>Header Files</Filter>
    </ClInclude>
    <ClInclude Include="SquareDensityBrush.h">
      <Filter>Header Files</Filter>
    </ClInclude>
    <ClInclude Include="CubePolisher.h">
      <Filter>Header Files</Filter>
    </ClInclude>
    <ClInclude Include="CaveGenerationManager.h">
      <Filter>Header Files</Filter>
    </ClInclude>
    <ClInclude Include="CaveRegionGenerator.h">
      <Filter>Header Files</Filter>
    </ClInclude>
    <ClInclude Include="CaveRegionStorage.h">
      <Filter>Header Files</Filter>
    </ClInclude>
    <ClInclude Include="UIDGenerator.h">
      <Filter>Header Files</Filter>
    </ClInclude>
    <ClInclude Include="CaveRegion.h">
      <Filter>Header Files</Filter>
    </ClInclude>
    <ClInclude Include="IDensityCubeGenerator.h">
      <Filter>Header Files</Filter>
    </ClInclude>
    <ClInclude Include="CubeSinusWalker.h">
      <Filter>Header Files</Filter>
    </ClInclude>
    <ClInclude Include="ICubeSmoother.h">
      <Filter>Header Files</Filter>
    </ClInclude>
    <ClInclude Include="StandardCubeSmoother.h">
      <Filter>Header Files</Filter>
    </ClInclude>
    <ClInclude Include="RandomNumberGenerator.h">
      <Filter>Header Files</Filter>
    </ClInclude>
    <ClInclude Include="CavePoligonizer.h">
      <Filter>Header Files</Filter>
    </ClInclude>
    <ClInclude Include="CubeFaceUtils.h">
      <Filter>Header Files</Filter>
    </ClInclude>
  </ItemGroup>
  <ItemGroup>
    <Text Include="Documentation.txt">
      <Filter>Resource Files</Filter>
    </Text>
    <Text Include="BacteriaWalk.txt">
      <Filter>Resource Files</Filter>
    </Text>
    <Text Include="ProceduralPerlin.txt">
      <Filter>Resource Files</Filter>
    </Text>
  </ItemGroup>
</Project>